// !$*UTF8*$!
{
	archiveVersion = 1;
	classes = {
	};
	objectVersion = 50;
	objects = {

/* Begin PBXBuildFile section */
		10C90D7824ED6F3900B2FB43 /* AppDelegate.swift in Sources */ = {isa = PBXBuildFile; fileRef = 10C90D7724ED6F3900B2FB43 /* AppDelegate.swift */; };
		10C90D7A24ED6F3900B2FB43 /* SceneDelegate.swift in Sources */ = {isa = PBXBuildFile; fileRef = 10C90D7924ED6F3900B2FB43 /* SceneDelegate.swift */; };
		10C90D7C24ED6F3900B2FB43 /* FirstViewController.swift in Sources */ = {isa = PBXBuildFile; fileRef = 10C90D7B24ED6F3900B2FB43 /* FirstViewController.swift */; };
		10C90D7E24ED6F3900B2FB43 /* SecondViewController.swift in Sources */ = {isa = PBXBuildFile; fileRef = 10C90D7D24ED6F3900B2FB43 /* SecondViewController.swift */; };
		10C90D8124ED6F3900B2FB43 /* Main.storyboard in Resources */ = {isa = PBXBuildFile; fileRef = 10C90D7F24ED6F3900B2FB43 /* Main.storyboard */; };
		10C90D8324ED6F3A00B2FB43 /* Assets.xcassets in Resources */ = {isa = PBXBuildFile; fileRef = 10C90D8224ED6F3A00B2FB43 /* Assets.xcassets */; };
		10C90D8624ED6F3A00B2FB43 /* LaunchScreen.storyboard in Resources */ = {isa = PBXBuildFile; fileRef = 10C90D8424ED6F3A00B2FB43 /* LaunchScreen.storyboard */; };
/* End PBXBuildFile section */

/* Begin PBXFileReference section */
		10C90D7424ED6F3900B2FB43 /* git5.app */ = {isa = PBXFileReference; explicitFileType = wrapper.application; includeInIndex = 0; path = git5.app; sourceTree = BUILT_PRODUCTS_DIR; };
		10C90D7724ED6F3900B2FB43 /* AppDelegate.swift */ = {isa = PBXFileReference; lastKnownFileType = sourcecode.swift; path = AppDelegate.swift; sourceTree = "<group>"; };
		10C90D7924ED6F3900B2FB43 /* SceneDelegate.swift */ = {isa = PBXFileReference; lastKnownFileType = sourcecode.swift; path = SceneDelegate.swift; sourceTree = "<group>"; };
		10C90D7B24ED6F3900B2FB43 /* FirstViewController.swift */ = {isa = PBXFileReference; lastKnownFileType = sourcecode.swift; path = FirstViewController.swift; sourceTree = "<group>"; };
		10C90D7D24ED6F3900B2FB43 /* SecondViewController.swift */ = {isa = PBXFileReference; lastKnownFileType = sourcecode.swift; path = SecondViewController.swift; sourceTree = "<group>"; };
		10C90D8024ED6F3900B2FB43 /* Base */ = {isa = PBXFileReference; lastKnownFileType = file.storyboard; name = Base; path = Base.lproj/Main.storyboard; sourceTree = "<group>"; };
		10C90D8224ED6F3A00B2FB43 /* Assets.xcassets */ = {isa = PBXFileReference; lastKnownFileType = folder.assetcatalog; path = Assets.xcassets; sourceTree = "<group>"; };
		10C90D8524ED6F3A00B2FB43 /* Base */ = {isa = PBXFileReference; lastKnownFileType = file.storyboard; name = Base; path = Base.lproj/LaunchScreen.storyboard; sourceTree = "<group>"; };
		10C90D8724ED6F3A00B2FB43 /* Info.plist */ = {isa = PBXFileReference; lastKnownFileType = text.plist.xml; path = Info.plist; sourceTree = "<group>"; };
/* End PBXFileReference section */

/* Begin PBXFrameworksBuildPhase section */
		10C90D7124ED6F3900B2FB43 /* Frameworks */ = {
			isa = PBXFrameworksBuildPhase;
			buildActionMask = 2147483647;
			files = (
			);
			runOnlyForDeploymentPostprocessing = 0;
		};
/* End PBXFrameworksBuildPhase section */

/* Begin PBXGroup section */
		10C90D6B24ED6F3900B2FB43 = {
			isa = PBXGroup;
			children = (
				10C90D7624ED6F3900B2FB43 /* git5 */,
				10C90D7524ED6F3900B2FB43 /* Products */,
			);
			sourceTree = "<group>";
		};
		10C90D7524ED6F3900B2FB43 /* Products */ = {
			isa = PBXGroup;
			children = (
				10C90D7424ED6F3900B2FB43 /* git5.app */,
			);
			name = Products;
			sourceTree = "<group>";
		};
		10C90D7624ED6F3900B2FB43 /* git5 */ = {
			isa = PBXGroup;
			children = (
				10C90D7724ED6F3900B2FB43 /* AppDelegate.swift */,
				10C90D7924ED6F3900B2FB43 /* SceneDelegate.swift */,
				10C90D7B24ED6F3900B2FB43 /* FirstViewController.swift */,
				10C90D7D24ED6F3900B2FB43 /* SecondViewController.swift */,
				10C90D7F24ED6F3900B2FB43 /* Main.storyboard */,
				10C90D8224ED6F3A00B2FB43 /* Assets.xcassets */,
				10C90D8424ED6F3A00B2FB43 /* LaunchScreen.storyboard */,
				10C90D8724ED6F3A00B2FB43 /* Info.plist */,
			);
			path = git5;
			sourceTree = "<group>";
		};
/* End PBXGroup section */

/* Begin PBXNativeTarget section */
		10C90D7324ED6F3900B2FB43 /* git5 */ = {
			isa = PBXNativeTarget;
			buildConfigurationList = 10C90D8A24ED6F3A00B2FB43 /* Build configuration list for PBXNativeTarget "git5" */;
			buildPhases = (
				10C90D7024ED6F3900B2FB43 /* Sources */,
				10C90D7124ED6F3900B2FB43 /* Frameworks */,
				10C90D7224ED6F3900B2FB43 /* Resources */,
			);
			buildRules = (
			);
			dependencies = (
			);
			name = git5;
			productName = git5;
			productReference = 10C90D7424ED6F3900B2FB43 /* git5.app */;
			productType = "com.apple.product-type.application";
		};
/* End PBXNativeTarget section */

/* Begin PBXProject section */
		10C90D6C24ED6F3900B2FB43 /* Project object */ = {
			isa = PBXProject;
			attributes = {
				LastSwiftUpdateCheck = 1150;
				LastUpgradeCheck = 1150;
				ORGANIZATIONNAME = "Ramesh Sheran";
				TargetAttributes = {
					10C90D7324ED6F3900B2FB43 = {
						CreatedOnToolsVersion = 11.5;
					};
				};
			};
			buildConfigurationList = 10C90D6F24ED6F3900B2FB43 /* Build configuration list for PBXProject "git5" */;
			compatibilityVersion = "Xcode 9.3";
			developmentRegion = en;
			hasScannedForEncodings = 0;
			knownRegions = (
				en,
				Base,
			);
			mainGroup = 10C90D6B24ED6F3900B2FB43;
			productRefGroup = 10C90D7524ED6F3900B2FB43 /* Products */;
			projectDirPath = "";
			projectRoot = "";
			targets = (
				10C90D7324ED6F3900B2FB43 /* git5 */,
			);
		};
/* End PBXProject section */

/* Begin PBXResourcesBuildPhase section */
		10C90D7224ED6F3900B2FB43 /* Resources */ = {
			isa = PBXResourcesBuildPhase;
			buildActionMask = 2147483647;
			files = (
				10C90D8624ED6F3A00B2FB43 /* LaunchScreen.storyboard in Resources */,
				10C90D8324ED6F3A00B2FB43 /* Assets.xcassets in Resources */,
				10C90D8124ED6F3900B2FB43 /* Main.storyboard in Resources */,
			);
			runOnlyForDeploymentPostprocessing = 0;
		};
/* End PBXResourcesBuildPhase section */

/* Begin PBXSourcesBuildPhase section */
		10C90D7024ED6F3900B2FB43 /* Sources */ = {
			isa = PBXSourcesBuildPhase;
			buildActionMask = 2147483647;
			files = (
				10C90D7E24ED6F3900B2FB43 /* SecondViewController.swift in Sources */,
				10C90D7C24ED6F3900B2FB43 /* FirstViewController.swift in Sources */,
				10C90D7824ED6F3900B2FB43 /* AppDelegate.swift in Sources */,
				10C90D7A24ED6F3900B2FB43 /* SceneDelegate.swift in Sources */,
			);
			runOnlyForDeploymentPostprocessing = 0;
		};
/* End PBXSourcesBuildPhase section */

/* Begin PBXVariantGroup section */
		10C90D7F24ED6F3900B2FB43 /* Main.storyboard */ = {
			isa = PBXVariantGroup;
			children = (
				10C90D8024ED6F3900B2FB43 /* Base */,
			);
			name = Main.storyboard;
			sourceTree = "<group>";
		};
		10C90D8424ED6F3A00B2FB43 /* LaunchScreen.storyboard */ = {
			isa = PBXVariantGroup;
			children = (
				10C90D8524ED6F3A00B2FB43 /* Base */,
			);
			name = LaunchScreen.storyboard;
			sourceTree = "<group>";
		};
/* End PBXVariantGroup section */

/* Begin XCBuildConfiguration section */
		10C90D8824ED6F3A00B2FB43 /* Debug */ = {
			isa = XCBuildConfiguration;
			buildSettings = {
				ALWAYS_SEARCH_USER_PATHS = NO;
				CLANG_ANALYZER_NONNULL = YES;
				CLANG_ANALYZER_NUMBER_OBJECT_CONVERSION = YES_AGGRESSIVE;
				CLANG_CXX_LANGUAGE_STANDARD = "gnu++14";
				CLANG_CXX_LIBRARY = "libc++";
				CLANG_ENABLE_MODULES = YES;
				CLANG_ENABLE_OBJC_ARC = YES;
				CLANG_ENABLE_OBJC_WEAK = YES;
				CLANG_WARN_BLOCK_CAPTURE_AUTORELEASING = YES;
				CLANG_WARN_BOOL_CONVERSION = YES;
				CLANG_WARN_COMMA = YES;
				CLANG_WARN_CONSTANT_CONVERSION = YES;
				CLANG_WARN_DEPRECATED_OBJC_IMPLEMENTATIONS = YES;
				CLANG_WARN_DIRECT_OBJC_ISA_USAGE = YES_ERROR;
				CLANG_WARN_DOCUMENTATION_COMMENTS = YES;
				CLANG_WARN_EMPTY_BODY = YES;
				CLANG_WARN_ENUM_CONVERSION = YES;
				CLANG_WARN_INFINITE_RECURSION = YES;
				CLANG_WARN_INT_CONVERSION = YES;
				CLANG_WARN_NON_LITERAL_NULL_CONVERSION = YES;
				CLANG_WARN_OBJC_IMPLICIT_RETAIN_SELF = YES;
				CLANG_WARN_OBJC_LITERAL_CONVERSION = YES;
				CLANG_WARN_OBJC_ROOT_CLASS = YES_ERROR;
				CLANG_WARN_RANGE_LOOP_ANALYSIS = YES;
				CLANG_WARN_STRICT_PROTOTYPES = YES;
				CLANG_WARN_SUSPICIOUS_MOVE = YES;
				CLANG_WARN_UNGUARDED_AVAILABILITY = YES_AGGRESSIVE;
				CLANG_WARN_UNREACHABLE_CODE = YES;
				CLANG_WARN__DUPLICATE_METHOD_MATCH = YES;
				COPY_PHASE_STRIP = NO;
				DEBUG_INFORMATION_FORMAT = dwarf;
				ENABLE_STRICT_OBJC_MSGSEND = YES;
				ENABLE_TESTABILITY = YES;
				GCC_C_LANGUAGE_STANDARD = gnu11;
				GCC_DYNAMIC_NO_PIC = NO;
				GCC_NO_COMMON_BLOCKS = YES;
				GCC_OPTIMIZATION_LEVEL = 0;
				GCC_PREPROCESSOR_DEFINITIONS = (
					"DEBUG=1",
					"$(inherited)",
				);
				GCC_WARN_64_TO_32_BIT_CONVERSION = YES;
				GCC_WARN_ABOUT_RETURN_TYPE = YES_ERROR;
				GCC_WARN_UNDECLARED_SELECTOR = YES;
				GCC_WARN_UNINITIALIZED_AUTOS = YES_AGGRESSIVE;
				GCC_WARN_UNUSED_FUNCTION = YES;
				GCC_WARN_UNUSED_VARIABLE = YES;
				IPHONEOS_DEPLOYMENT_TARGET = 13.5;
				MTL_ENABLE_DEBUG_INFO = INCLUDE_SOURCE;
				MTL_FAST_MATH = YES;
				ONLY_ACTIVE_ARCH = YES;
				SDKROOT = iphoneos;
				SWIFT_ACTIVE_COMPILATION_CONDITIONS = DEBUG;
				SWIFT_OPTIMIZATION_LEVEL = "-Onone";
			};
			name = Debug;
		};
		10C90D8924ED6F3A00B2FB43 /* Release */ = {
			isa = XCBuildConfiguration;
			buildSettings = {
				ALWAYS_SEARCH_USER_PATHS = NO;
				CLANG_ANALYZER_NONNULL = YES;
				CLANG_ANALYZER_NUMBER_OBJECT_CONVERSION = YES_AGGRESSIVE;
				CLANG_CXX_LANGUAGE_STANDARD = "gnu++14";
				CLANG_CXX_LIBRARY = "libc++";
				CLANG_ENABLE_MODULES = YES;
				CLANG_ENABLE_OBJC_ARC = YES;
				CLANG_ENABLE_OBJC_WEAK = YES;
				CLANG_WARN_BLOCK_CAPTURE_AUTORELEASING = YES;
				CLANG_WARN_BOOL_CONVERSION = YES;
				CLANG_WARN_COMMA = YES;
				CLANG_WARN_CONSTANT_CONVERSION = YES;
				CLANG_WARN_DEPRECATED_OBJC_IMPLEMENTATIONS = YES;
				CLANG_WARN_DIRECT_OBJC_ISA_USAGE = YES_ERROR;
				CLANG_WARN_DOCUMENTATION_COMMENTS = YES;
				CLANG_WARN_EMPTY_BODY = YES;
				CLANG_WARN_ENUM_CONVERSION = YES;
				CLANG_WARN_INFINITE_RECURSION = YES;
				CLANG_WARN_INT_CONVERSION = YES;
				CLANG_WARN_NON_LITERAL_NULL_CONVERSION = YES;
				CLANG_WARN_OBJC_IMPLICIT_RETAIN_SELF = YES;
				CLANG_WARN_OBJC_LITERAL_CONVERSION = YES;
				CLANG_WARN_OBJC_ROOT_CLASS = YES_ERROR;
				CLANG_WARN_RANGE_LOOP_ANALYSIS = YES;
				CLANG_WARN_STRICT_PROTOTYPES = YES;
				CLANG_WARN_SUSPICIOUS_MOVE = YES;
				CLANG_WARN_UNGUARDED_AVAILABILITY = YES_AGGRESSIVE;
				CLANG_WARN_UNREACHABLE_CODE = YES;
				CLANG_WARN__DUPLICATE_METHOD_MATCH = YES;
				COPY_PHASE_STRIP = NO;
				DEBUG_INFORMATION_FORMAT = "dwarf-with-dsym";
				ENABLE_NS_ASSERTIONS = NO;
				ENABLE_STRICT_OBJC_MSGSEND = YES;
				GCC_C_LANGUAGE_STANDARD = gnu11;
				GCC_NO_COMMON_BLOCKS = YES;
				GCC_WARN_64_TO_32_BIT_CONVERSION = YES;
				GCC_WARN_ABOUT_RETURN_TYPE = YES_ERROR;
				GCC_WARN_UNDECLARED_SELECTOR = YES;
				GCC_WARN_UNINITIALIZED_AUTOS = YES_AGGRESSIVE;
				GCC_WARN_UNUSED_FUNCTION = YES;
				GCC_WARN_UNUSED_VARIABLE = YES;
				IPHONEOS_DEPLOYMENT_TARGET = 13.5;
				MTL_ENABLE_DEBUG_INFO = NO;
				MTL_FAST_MATH = YES;
				SDKROOT = iphoneos;
				SWIFT_COMPILATION_MODE = wholemodule;
				SWIFT_OPTIMIZATION_LEVEL = "-O";
				VALIDATE_PRODUCT = YES;
			};
			name = Release;
		};
		10C90D8B24ED6F3A00B2FB43 /* Debug */ = {
			isa = XCBuildConfiguration;
			buildSettings = {
				ASSETCATALOG_COMPILER_APPICON_NAME = AppIcon;
				CODE_SIGN_STYLE = Automatic;
				DEVELOPMENT_TEAM = 4W27TWG9Z6;
				INFOPLIST_FILE = git5/Info.plist;
				LD_RUNPATH_SEARCH_PATHS = (
					"$(inherited)",
					"@executable_path/Frameworks",
				);
				PRODUCT_BUNDLE_IDENTIFIER = nibm.git5;
				PRODUCT_NAME = "$(TARGET_NAME)";
				SWIFT_VERSION = 5.0;
				TARGETED_DEVICE_FAMILY = "1,2";
			};
			name = Debug;
		};
		10C90D8C24ED6F3A00B2FB43 /* Release */ = {
			isa = XCBuildConfiguration;
			buildSettings = {
				ASSETCATALOG_COMPILER_APPICON_NAME = AppIcon;
				CODE_SIGN_STYLE = Automatic;
				DEVELOPMENT_TEAM = 4W27TWG9Z6;
				INFOPLIST_FILE = git5/Info.plist;
				LD_RUNPATH_SEARCH_PATHS = (
					"$(inherited)",
					"@executable_path/Frameworks",
				);
				PRODUCT_BUNDLE_IDENTIFIER = nibm.git5;
				PRODUCT_NAME = "$(TARGET_NAME)";
				SWIFT_VERSION = 5.0;
				TARGETED_DEVICE_FAMILY = "1,2";
			};
			name = Release;
		};
/* End XCBuildConfiguration section */

/* Begin XCConfigurationList section */
		10C90D6F24ED6F3900B2FB43 /* Build configuration list for PBXProject "git5" */ = {
			isa = XCConfigurationList;
			buildConfigurations = (
				10C90D8824ED6F3A00B2FB43 /* Debug */,
				10C90D8924ED6F3A00B2FB43 /* Release */,
			);
			defaultConfigurationIsVisible = 0;
			defaultConfigurationName = Release;
		};
		10C90D8A24ED6F3A00B2FB43 /* Build configuration list for PBXNativeTarget "git5" */ = {
			isa = XCConfigurationList;
			buildConfigurations = (
				10C90D8B24ED6F3A00B2FB43 /* Debug */,
				10C90D8C24ED6F3A00B2FB43 /* Release */,
			);
			defaultConfigurationIsVisible = 0;
			defaultConfigurationName = Release;
		};
/* End XCConfigurationList section */
	};
	rootObject = 10C90D6C24ED6F3900B2FB43 /* Project object */;
}
